
Microsoft Visual Studio Solution File, Format Version 12.00
# Visual Studio Version 17
VisualStudioVersion = 17.14.36414.22
MinimumVisualStudioVersion = 10.0.40219.1
Project("{FAE04EC0-301F-11D3-BF4B-00C04F79EFBC}") = "Alarm501-Console", "Alarm501-Console\Alarm501-Console.csproj", "{EC567073-C09E-453F-B280-FBD256876AAB}"
EndProject
Project("{FAE04EC0-301F-11D3-BF4B-00C04F79EFBC}") = "Alarm501-MC", "Alarm501-MC\Alarm501-MC.csproj", "{7C30AAD2-F109-4820-BBD9-69752732EF6B}"
EndProject
Project("{FAE04EC0-301F-11D3-BF4B-00C04F79EFBC}") = "Alarm501-GUI", "Alarm501-GUI\Alarm501-GUI.csproj", "{F33D9718-10A5-408A-BA45-C63A3F0FBE38}"
EndProject
Global
	GlobalSection(SolutionConfigurationPlatforms) = preSolution
		Debug|Any CPU = Debug|Any CPU
		Release|Any CPU = Release|Any CPU
	EndGlobalSection
	GlobalSection(ProjectConfigurationPlatforms) = postSolution
		{EC567073-C09E-453F-B280-FBD256876AAB}.Debug|Any CPU.ActiveCfg = Debug|Any CPU
		{EC567073-C09E-453F-B280-FBD256876AAB}.Debug|Any CPU.Build.0 = Debug|Any CPU
		{EC567073-C09E-453F-B280-FBD256876AAB}.Release|Any CPU.ActiveCfg = Release|Any CPU
		{EC567073-C09E-453F-B280-FBD256876AAB}.Release|Any CPU.Build.0 = Release|Any CPU
		{7C30AAD2-F109-4820-BBD9-69752732EF6B}.Debug|Any CPU.ActiveCfg = Debug|Any CPU
		{7C30AAD2-F109-4820-BBD9-69752732EF6B}.Debug|Any CPU.Build.0 = Debug|Any CPU
		{7C30AAD2-F109-4820-BBD9-69752732EF6B}.Release|Any CPU.ActiveCfg = Release|Any CPU
		{7C30AAD2-F109-4820-BBD9-69752732EF6B}.Release|Any CPU.Build.0 = Release|Any CPU
		{F33D9718-10A5-408A-BA45-C63A3F0FBE38}.Debug|Any CPU.ActiveCfg = Debug|Any CPU
		{F33D9718-10A5-408A-BA45-C63A3F0FBE38}.Debug|Any CPU.Build.0 = Debug|Any CPU
		{F33D9718-10A5-408A-BA45-C63A3F0FBE38}.Release|Any CPU.ActiveCfg = Release|Any CPU
		{F33D9718-10A5-408A-BA45-C63A3F0FBE38}.Release|Any CPU.Build.0 = Release|Any CPU
	EndGlobalSection
	GlobalSection(SolutionProperties) = preSolution
		HideSolutionNode = FALSE
	EndGlobalSection
	GlobalSection(ExtensibilityGlobals) = postSolution
		SolutionGuid = {0B53B25C-82EA-4728-BB7C-D1B90998406C}
	EndGlobalSection
EndGlobal
